<?xml version="1.0" encoding="utf-8"?>
<Project ToolsVersion="4.0" xmlns="http://schemas.microsoft.com/developer/msbuild/2003">
  <ItemGroup>
    <ClCompile Include="source\entrypoint.cpp" />
    <ClCompile Include="source\application.cpp" />
    <ClCompile Include="source\gui\window.cpp">
      <Filter>gui</Filter>
    </ClCompile>
    <ClCompile Include="source\graphics\renderer.cpp">
      <Filter>graphics</Filter>
    </ClCompile>
  </ItemGroup>
  <ItemGroup>
    <ClInclude Include="source\application.hpp" />
    <ClInclude Include="source\gui\window.hpp">
      <Filter>gui</Filter>
    </ClInclude>
    <ClInclude Include="source\gui\window_helper.hpp">
      <Filter>gui</Filter>
    </ClInclude>
    <ClInclude Include="source\com\runtime_validation.hpp">
      <Filter>com</Filter>
    </ClInclude>
    <ClInclude Include="source\com\memory.hpp">
      <Filter>com</Filter>
    </ClInclude>
    <ClInclude Include="source\utility\string_conversion.hpp">
      <Filter>utility</Filter>
    </ClInclude>
    <ClInclude Include="source\utility\measure.hpp">
      <Filter>utility</Filter>
    </ClInclude>
    <ClInclude Include="source\graphics\renderer.hpp">
      <Filter>graphics</Filter>
    </ClInclude>
    <ClInclude Include="source\graphics\image.hpp">
      <Filter>graphics</Filter>
    </ClInclude>
  </ItemGroup>
  <ItemGroup>
    <Filter Include="gui">
      <UniqueIdentifier>{0deb0bad-a6e4-4bcb-9d29-684518e7a532}</UniqueIdentifier>
    </Filter>
    <Filter Include="graphics">
      <UniqueIdentifier>{a337ac6e-980e-44e5-84cb-9c2fca5d6f92}</UniqueIdentifier>
    </Filter>
    <Filter Include="com">
      <UniqueIdentifier>{ff41b8fc-9648-4077-b7c6-d3e667514b47}</UniqueIdentifier>
    </Filter>
    <Filter Include="utility">
      <UniqueIdentifier>{be079675-9c7b-4d9a-9d59-508aba0b74c9}</UniqueIdentifier>
    </Filter>
  </ItemGroup>
</Project>